// !$*UTF8*$!
{
	archiveVersion = 1;
	classes = {
	};
	objectVersion = 48;
	objects = {

/* Begin PBXBuildFile section */
		DD965F6C20E393720055C790 /* AppDelegate.swift in Sources */ = {isa = PBXBuildFile; fileRef = DD965F6B20E393720055C790 /* AppDelegate.swift */; };
		DD965F6E20E393720055C790 /* ViewController.swift in Sources */ = {isa = PBXBuildFile; fileRef = DD965F6D20E393720055C790 /* ViewController.swift */; };
		DD965F7120E393720055C790 /* Main.storyboard in Resources */ = {isa = PBXBuildFile; fileRef = DD965F6F20E393720055C790 /* Main.storyboard */; };
		DD965F7320E393720055C790 /* Assets.xcassets in Resources */ = {isa = PBXBuildFile; fileRef = DD965F7220E393720055C790 /* Assets.xcassets */; };
		DD965F7620E393720055C790 /* LaunchScreen.storyboard in Resources */ = {isa = PBXBuildFile; fileRef = DD965F7420E393720055C790 /* LaunchScreen.storyboard */; };
		DD965F8220E395F40055C790 /* Emoticons.bundle in Resources */ = {isa = PBXBuildFile; fileRef = DD965F8120E395F40055C790 /* Emoticons.bundle */; };
		DD965F8420E396140055C790 /* TYCEmoticonManager.swift in Sources */ = {isa = PBXBuildFile; fileRef = DD965F8320E396140055C790 /* TYCEmoticonManager.swift */; };
/* End PBXBuildFile section */

/* Begin PBXFileReference section */
		DD965F6820E393720055C790 /* expressionPacketData.app */ = {isa = PBXFileReference; explicitFileType = wrapper.application; includeInIndex = 0; path = expressionPacketData.app; sourceTree = BUILT_PRODUCTS_DIR; };
		DD965F6B20E393720055C790 /* AppDelegate.swift */ = {isa = PBXFileReference; lastKnownFileType = sourcecode.swift; path = AppDelegate.swift; sourceTree = "<group>"; };
		DD965F6D20E393720055C790 /* ViewController.swift */ = {isa = PBXFileReference; lastKnownFileType = sourcecode.swift; path = ViewController.swift; sourceTree = "<group>"; };
		DD965F7020E393720055C790 /* Base */ = {isa = PBXFileReference; lastKnownFileType = file.storyboard; name = Base; path = Base.lproj/Main.storyboard; sourceTree = "<group>"; };
		DD965F7220E393720055C790 /* Assets.xcassets */ = {isa = PBXFileReference; lastKnownFileType = folder.assetcatalog; path = Assets.xcassets; sourceTree = "<group>"; };
		DD965F7520E393720055C790 /* Base */ = {isa = PBXFileReference; lastKnownFileType = file.storyboard; name = Base; path = Base.lproj/LaunchScreen.storyboard; sourceTree = "<group>"; };
		DD965F7720E393720055C790 /* Info.plist */ = {isa = PBXFileReference; lastKnownFileType = text.plist.xml; path = Info.plist; sourceTree = "<group>"; };
		DD965F8120E395F40055C790 /* Emoticons.bundle */ = {isa = PBXFileReference; lastKnownFileType = "wrapper.plug-in"; path = Emoticons.bundle; sourceTree = "<group>"; };
		DD965F8320E396140055C790 /* TYCEmoticonManager.swift */ = {isa = PBXFileReference; lastKnownFileType = sourcecode.swift; path = TYCEmoticonManager.swift; sourceTree = "<group>"; };
/* End PBXFileReference section */

/* Begin PBXFrameworksBuildPhase section */
		DD965F6520E393720055C790 /* Frameworks */ = {
			isa = PBXFrameworksBuildPhase;
			buildActionMask = 2147483647;
			files = (
			);
			runOnlyForDeploymentPostprocessing = 0;
		};
/* End PBXFrameworksBuildPhase section */

/* Begin PBXGroup section */
		DD965F5F20E393720055C790 = {
			isa = PBXGroup;
			children = (
				DD965F6A20E393720055C790 /* expressionPacketData */,
				DD965F6920E393720055C790 /* Products */,
			);
			sourceTree = "<group>";
		};
		DD965F6920E393720055C790 /* Products */ = {
			isa = PBXGroup;
			children = (
				DD965F6820E393720055C790 /* expressionPacketData.app */,
			);
			name = Products;
			sourceTree = "<group>";
		};
		DD965F6A20E393720055C790 /* expressionPacketData */ = {
			isa = PBXGroup;
			children = (
				DD965F8020E395D30055C790 /* Emoticon */,
				DD965F6B20E393720055C790 /* AppDelegate.swift */,
				DD965F6D20E393720055C790 /* ViewController.swift */,
				DD965F6F20E393720055C790 /* Main.storyboard */,
				DD965F7220E393720055C790 /* Assets.xcassets */,
				DD965F7420E393720055C790 /* LaunchScreen.storyboard */,
				DD965F7720E393720055C790 /* Info.plist */,
			);
			path = expressionPacketData;
			sourceTree = "<group>";
		};
		DD965F8020E395D30055C790 /* Emoticon */ = {
			isa = PBXGroup;
			children = (
				DD965F8120E395F40055C790 /* Emoticons.bundle */,
				DD965F8320E396140055C790 /* TYCEmoticonManager.swift */,
			);
			path = Emoticon;
			sourceTree = "<group>";
		};
/* End PBXGroup section */

/* Begin PBXNativeTarget section */
		DD965F6720E393720055C790 /* expressionPacketData */ = {
			isa = PBXNativeTarget;
			buildConfigurationList = DD965F7A20E393720055C790 /* Build configuration list for PBXNativeTarget "expressionPacketData" */;
			buildPhases = (
				DD965F6420E393720055C790 /* Sources */,
				DD965F6520E393720055C790 /* Frameworks */,
				DD965F6620E393720055C790 /* Resources */,
			);
			buildRules = (
			);
			dependencies = (
			);
			name = expressionPacketData;
			productName = expressionPacketData;
			productReference = DD965F6820E393720055C790 /* expressionPacketData.app */;
			productType = "com.apple.product-type.application";
		};
/* End PBXNativeTarget section */

/* Begin PBXProject section */
		DD965F6020E393720055C790 /* Project object */ = {
			isa = PBXProject;
			attributes = {
				LastSwiftUpdateCheck = 0920;
				LastUpgradeCheck = 0920;
				ORGANIZATIONNAME = "唐云川";
				TargetAttributes = {
					DD965F6720E393720055C790 = {
						CreatedOnToolsVersion = 9.2;
						ProvisioningStyle = Automatic;
					};
				};
			};
			buildConfigurationList = DD965F6320E393720055C790 /* Build configuration list for PBXProject "expressionPacketData" */;
			compatibilityVersion = "Xcode 8.0";
			developmentRegion = en;
			hasScannedForEncodings = 0;
			knownRegions = (
				en,
				Base,
			);
			mainGroup = DD965F5F20E393720055C790;
			productRefGroup = DD965F6920E393720055C790 /* Products */;
			projectDirPath = "";
			projectRoot = "";
			targets = (
				DD965F6720E393720055C790 /* expressionPacketData */,
			);
		};
/* End PBXProject section */

/* Begin PBXResourcesBuildPhase section */
		DD965F6620E393720055C790 /* Resources */ = {
			isa = PBXResourcesBuildPhase;
			buildActionMask = 2147483647;
			files = (
				DD965F7620E393720055C790 /* LaunchScreen.storyboard in Resources */,
				DD965F8220E395F40055C790 /* Emoticons.bundle in Resources */,
				DD965F7320E393720055C790 /* Assets.xcassets in Resources */,
				DD965F7120E393720055C790 /* Main.storyboard in Resources */,
			);
			runOnlyForDeploymentPostprocessing = 0;
		};
/* End PBXResourcesBuildPhase section */

/* Begin PBXSourcesBuildPhase section */
		DD965F6420E393720055C790 /* Sources */ = {
			isa = PBXSourcesBuildPhase;
			buildActionMask = 2147483647;
			files = (
				DD965F8420E396140055C790 /* TYCEmoticonManager.swift in Sources */,
				DD965F6E20E393720055C790 /* ViewController.swift in Sources */,
				DD965F6C20E393720055C790 /* AppDelegate.swift in Sources */,
			);
			runOnlyForDeploymentPostprocessing = 0;
		};
/* End PBXSourcesBuildPhase section */

/* Begin PBXVariantGroup section */
		DD965F6F20E393720055C790 /* Main.storyboard */ = {
			isa = PBXVariantGroup;
			children = (
				DD965F7020E393720055C790 /* Base */,
			);
			name = Main.storyboard;
			sourceTree = "<group>";
		};
		DD965F7420E393720055C790 /* LaunchScreen.storyboard */ = {
			isa = PBXVariantGroup;
			children = (
				DD965F7520E393720055C790 /* Base */,
			);
			name = LaunchScreen.storyboard;
			sourceTree = "<group>";
		};
/* End PBXVariantGroup section */

/* Begin XCBuildConfiguration section */
		DD965F7820E393720055C790 /* Debug */ = {
			isa = XCBuildConfiguration;
			buildSettings = {
				ALWAYS_SEARCH_USER_PATHS = NO;
				CLANG_ANALYZER_NONNULL = YES;
				CLANG_ANALYZER_NUMBER_OBJECT_CONVERSION = YES_AGGRESSIVE;
				CLANG_CXX_LANGUAGE_STANDARD = "gnu++14";
				CLANG_CXX_LIBRARY = "libc++";
				CLANG_ENABLE_MODULES = YES;
				CLANG_ENABLE_OBJC_ARC = YES;
				CLANG_WARN_BLOCK_CAPTURE_AUTORELEASING = YES;
				CLANG_WARN_BOOL_CONVERSION = YES;
				CLANG_WARN_COMMA = YES;
				CLANG_WARN_CONSTANT_CONVERSION = YES;
				CLANG_WARN_DIRECT_OBJC_ISA_USAGE = YES_ERROR;
				CLANG_WARN_DOCUMENTATION_COMMENTS = YES;
				CLANG_WARN_EMPTY_BODY = YES;
				CLANG_WARN_ENUM_CONVERSION = YES;
				CLANG_WARN_INFINITE_RECURSION = YES;
				CLANG_WARN_INT_CONVERSION = YES;
				CLANG_WARN_NON_LITERAL_NULL_CONVERSION = YES;
				CLANG_WARN_OBJC_LITERAL_CONVERSION = YES;
				CLANG_WARN_OBJC_ROOT_CLASS = YES_ERROR;
				CLANG_WARN_RANGE_LOOP_ANALYSIS = YES;
				CLANG_WARN_STRICT_PROTOTYPES = YES;
				CLANG_WARN_SUSPICIOUS_MOVE = YES;
				CLANG_WARN_UNGUARDED_AVAILABILITY = YES_AGGRESSIVE;
				CLANG_WARN_UNREACHABLE_CODE = YES;
				CLANG_WARN__DUPLICATE_METHOD_MATCH = YES;
				CODE_SIGN_IDENTITY = "iPhone Developer";
				COPY_PHASE_STRIP = NO;
				DEBUG_INFORMATION_FORMAT = dwarf;
				ENABLE_STRICT_OBJC_MSGSEND = YES;
				ENABLE_TESTABILITY = YES;
				GCC_C_LANGUAGE_STANDARD = gnu11;
				GCC_DYNAMIC_NO_PIC = NO;
				GCC_NO_COMMON_BLOCKS = YES;
				GCC_OPTIMIZATION_LEVEL = 0;
				GCC_PREPROCESSOR_DEFINITIONS = (
					"DEBUG=1",
					"$(inherited)",
				);
				GCC_WARN_64_TO_32_BIT_CONVERSION = YES;
				GCC_WARN_ABOUT_RETURN_TYPE = YES_ERROR;
				GCC_WARN_UNDECLARED_SELECTOR = YES;
				GCC_WARN_UNINITIALIZED_AUTOS = YES_AGGRESSIVE;
				GCC_WARN_UNUSED_FUNCTION = YES;
				GCC_WARN_UNUSED_VARIABLE = YES;
				IPHONEOS_DEPLOYMENT_TARGET = 11.2;
				MTL_ENABLE_DEBUG_INFO = YES;
				ONLY_ACTIVE_ARCH = YES;
				SDKROOT = iphoneos;
				SWIFT_ACTIVE_COMPILATION_CONDITIONS = DEBUG;
				SWIFT_OPTIMIZATION_LEVEL = "-Onone";
			};
			name = Debug;
		};
		DD965F7920E393720055C790 /* Release */ = {
			isa = XCBuildConfiguration;
			buildSettings = {
				ALWAYS_SEARCH_USER_PATHS = NO;
				CLANG_ANALYZER_NONNULL = YES;
				CLANG_ANALYZER_NUMBER_OBJECT_CONVERSION = YES_AGGRESSIVE;
				CLANG_CXX_LANGUAGE_STANDARD = "gnu++14";
				CLANG_CXX_LIBRARY = "libc++";
				CLANG_ENABLE_MODULES = YES;
				CLANG_ENABLE_OBJC_ARC = YES;
				CLANG_WARN_BLOCK_CAPTURE_AUTORELEASING = YES;
				CLANG_WARN_BOOL_CONVERSION = YES;
				CLANG_WARN_COMMA = YES;
				CLANG_WARN_CONSTANT_CONVERSION = YES;
				CLANG_WARN_DIRECT_OBJC_ISA_USAGE = YES_ERROR;
				CLANG_WARN_DOCUMENTATION_COMMENTS = YES;
				CLANG_WARN_EMPTY_BODY = YES;
				CLANG_WARN_ENUM_CONVERSION = YES;
				CLANG_WARN_INFINITE_RECURSION = YES;
				CLANG_WARN_INT_CONVERSION = YES;
				CLANG_WARN_NON_LITERAL_NULL_CONVERSION = YES;
				CLANG_WARN_OBJC_LITERAL_CONVERSION = YES;
				CLANG_WARN_OBJC_ROOT_CLASS = YES_ERROR;
				CLANG_WARN_RANGE_LOOP_ANALYSIS = YES;
				CLANG_WARN_STRICT_PROTOTYPES = YES;
				CLANG_WARN_SUSPICIOUS_MOVE = YES;
				CLANG_WARN_UNGUARDED_AVAILABILITY = YES_AGGRESSIVE;
				CLANG_WARN_UNREACHABLE_CODE = YES;
				CLANG_WARN__DUPLICATE_METHOD_MATCH = YES;
				CODE_SIGN_IDENTITY = "iPhone Developer";
				COPY_PHASE_STRIP = NO;
				DEBUG_INFORMATION_FORMAT = "dwarf-with-dsym";
				ENABLE_NS_ASSERTIONS = NO;
				ENABLE_STRICT_OBJC_MSGSEND = YES;
				GCC_C_LANGUAGE_STANDARD = gnu11;
				GCC_NO_COMMON_BLOCKS = YES;
				GCC_WARN_64_TO_32_BIT_CONVERSION = YES;
				GCC_WARN_ABOUT_RETURN_TYPE = YES_ERROR;
				GCC_WARN_UNDECLARED_SELECTOR = YES;
				GCC_WARN_UNINITIALIZED_AUTOS = YES_AGGRESSIVE;
				GCC_WARN_UNUSED_FUNCTION = YES;
				GCC_WARN_UNUSED_VARIABLE = YES;
				IPHONEOS_DEPLOYMENT_TARGET = 11.2;
				MTL_ENABLE_DEBUG_INFO = NO;
				SDKROOT = iphoneos;
				SWIFT_OPTIMIZATION_LEVEL = "-Owholemodule";
				VALIDATE_PRODUCT = YES;
			};
			name = Release;
		};
		DD965F7B20E393720055C790 /* Debug */ = {
			isa = XCBuildConfiguration;
			buildSettings = {
				ASSETCATALOG_COMPILER_APPICON_NAME = AppIcon;
				CODE_SIGN_STYLE = Automatic;
				DEVELOPMENT_TEAM = 832LY843KW;
				INFOPLIST_FILE = expressionPacketData/Info.plist;
				LD_RUNPATH_SEARCH_PATHS = "$(inherited) @executable_path/Frameworks";
				PRODUCT_BUNDLE_IDENTIFIER = com.TYC.expressionPacketData;
				PRODUCT_NAME = "$(TARGET_NAME)";
				SWIFT_VERSION = 4.0;
				TARGETED_DEVICE_FAMILY = "1,2";
			};
			name = Debug;
		};
		DD965F7C20E393720055C790 /* Release */ = {
			isa = XCBuildConfiguration;
			buildSettings = {
				ASSETCATALOG_COMPILER_APPICON_NAME = AppIcon;
				CODE_SIGN_STYLE = Automatic;
				DEVELOPMENT_TEAM = 832LY843KW;
				INFOPLIST_FILE = expressionPacketData/Info.plist;
				LD_RUNPATH_SEARCH_PATHS = "$(inherited) @executable_path/Frameworks";
				PRODUCT_BUNDLE_IDENTIFIER = com.TYC.expressionPacketData;
				PRODUCT_NAME = "$(TARGET_NAME)";
				SWIFT_VERSION = 4.0;
				TARGETED_DEVICE_FAMILY = "1,2";
			};
			name = Release;
		};
/* End XCBuildConfiguration section */

/* Begin XCConfigurationList section */
		DD965F6320E393720055C790 /* Build configuration list for PBXProject "expressionPacketData" */ = {
			isa = XCConfigurationList;
			buildConfigurations = (
				DD965F7820E393720055C790 /* Debug */,
				DD965F7920E393720055C790 /* Release */,
			);
			defaultConfigurationIsVisible = 0;
			defaultConfigurationName = Release;
		};
		DD965F7A20E393720055C790 /* Build configuration list for PBXNativeTarget "expressionPacketData" */ = {
			isa = XCConfigurationList;
			buildConfigurations = (
				DD965F7B20E393720055C790 /* Debug */,
				DD965F7C20E393720055C790 /* Release */,
			);
			defaultConfigurationIsVisible = 0;
			defaultConfigurationName = Release;
		};
/* End XCConfigurationList section */
	};
	rootObject = DD965F6020E393720055C790 /* Project object */;
}
